
Microsoft Visual Studio Solution File, Format Version 12.00
# Visual Studio Version 16
VisualStudioVersion = 16.0.29609.76
MinimumVisualStudioVersion = 10.0.40219.1
Project("{FAE04EC0-301F-11D3-BF4B-00C04F79EFBC}") = "ILNet", "ILNet.csproj", "{023B16E3-6EA2-42D1-BA25-E3B59C174C93}"
EndProject
Project("{FAE04EC0-301F-11D3-BF4B-00C04F79EFBC}") = "TestEvent", "..\TestExample\TestEvent.csproj", "{F04115DE-4197-4CE1-9B6E-9134EE46BD01}"
EndProject
Project("{FAE04EC0-301F-11D3-BF4B-00C04F79EFBC}") = "TestEnum", "..\TestEnum\TestEnum.csproj", "{61C5F424-2D9C-4154-8F86-709B55A97DAE}"
EndProject
Project("{FAE04EC0-301F-11D3-BF4B-00C04F79EFBC}") = "TestServer", "..\TestServer\TestServer.csproj", "{5BE97FA2-694C-4CB1-B1DD-B67EE2097F9F}"
EndProject
Project("{FAE04EC0-301F-11D3-BF4B-00C04F79EFBC}") = "Proltocol", "..\Proltocol\Proltocol.csproj", "{937B5E44-29EB-45A5-BB02-8B87C2581FFE}"
EndProject
Project("{FAE04EC0-301F-11D3-BF4B-00C04F79EFBC}") = "TestClient", "..\TestClient\TestClient.csproj", "{95624E5D-5C47-46C1-93F2-2AE8D2D26C1B}"
EndProject
Global
	GlobalSection(SolutionConfigurationPlatforms) = preSolution
		Debug|Any CPU = Debug|Any CPU
		Release|Any CPU = Release|Any CPU
	EndGlobalSection
	GlobalSection(ProjectConfigurationPlatforms) = postSolution
		{023B16E3-6EA2-42D1-BA25-E3B59C174C93}.Debug|Any CPU.ActiveCfg = Debug|Any CPU
		{023B16E3-6EA2-42D1-BA25-E3B59C174C93}.Debug|Any CPU.Build.0 = Debug|Any CPU
		{023B16E3-6EA2-42D1-BA25-E3B59C174C93}.Release|Any CPU.ActiveCfg = Release|Any CPU
		{023B16E3-6EA2-42D1-BA25-E3B59C174C93}.Release|Any CPU.Build.0 = Release|Any CPU
		{F04115DE-4197-4CE1-9B6E-9134EE46BD01}.Debug|Any CPU.ActiveCfg = Debug|Any CPU
		{F04115DE-4197-4CE1-9B6E-9134EE46BD01}.Debug|Any CPU.Build.0 = Debug|Any CPU
		{F04115DE-4197-4CE1-9B6E-9134EE46BD01}.Release|Any CPU.ActiveCfg = Release|Any CPU
		{F04115DE-4197-4CE1-9B6E-9134EE46BD01}.Release|Any CPU.Build.0 = Release|Any CPU
		{61C5F424-2D9C-4154-8F86-709B55A97DAE}.Debug|Any CPU.ActiveCfg = Debug|Any CPU
		{61C5F424-2D9C-4154-8F86-709B55A97DAE}.Debug|Any CPU.Build.0 = Debug|Any CPU
		{61C5F424-2D9C-4154-8F86-709B55A97DAE}.Release|Any CPU.ActiveCfg = Release|Any CPU
		{61C5F424-2D9C-4154-8F86-709B55A97DAE}.Release|Any CPU.Build.0 = Release|Any CPU
		{5BE97FA2-694C-4CB1-B1DD-B67EE2097F9F}.Debug|Any CPU.ActiveCfg = Debug|Any CPU
		{5BE97FA2-694C-4CB1-B1DD-B67EE2097F9F}.Debug|Any CPU.Build.0 = Debug|Any CPU
		{5BE97FA2-694C-4CB1-B1DD-B67EE2097F9F}.Release|Any CPU.ActiveCfg = Release|Any CPU
		{5BE97FA2-694C-4CB1-B1DD-B67EE2097F9F}.Release|Any CPU.Build.0 = Release|Any CPU
		{937B5E44-29EB-45A5-BB02-8B87C2581FFE}.Debug|Any CPU.ActiveCfg = Debug|Any CPU
		{937B5E44-29EB-45A5-BB02-8B87C2581FFE}.Debug|Any CPU.Build.0 = Debug|Any CPU
		{937B5E44-29EB-45A5-BB02-8B87C2581FFE}.Release|Any CPU.ActiveCfg = Release|Any CPU
		{937B5E44-29EB-45A5-BB02-8B87C2581FFE}.Release|Any CPU.Build.0 = Release|Any CPU
		{95624E5D-5C47-46C1-93F2-2AE8D2D26C1B}.Debug|Any CPU.ActiveCfg = Debug|Any CPU
		{95624E5D-5C47-46C1-93F2-2AE8D2D26C1B}.Debug|Any CPU.Build.0 = Debug|Any CPU
		{95624E5D-5C47-46C1-93F2-2AE8D2D26C1B}.Release|Any CPU.ActiveCfg = Release|Any CPU
		{95624E5D-5C47-46C1-93F2-2AE8D2D26C1B}.Release|Any CPU.Build.0 = Release|Any CPU
	EndGlobalSection
	GlobalSection(SolutionProperties) = preSolution
		HideSolutionNode = FALSE
	EndGlobalSection
	GlobalSection(ExtensibilityGlobals) = postSolution
		SolutionGuid = {133BC172-0A25-47DD-B074-F3C8D2255FF7}
	EndGlobalSection
EndGlobal
